// !$*UTF8*$!
{
	archiveVersion = 1;
	classes = {
	};
	objectVersion = 56;
	objects = {

/* Begin PBXBuildFile section */
		937D16402BADF9FA00298D71 /* AppDelegate.swift in Sources */ = {isa = PBXBuildFile; fileRef = 937D163F2BADF9FA00298D71 /* AppDelegate.swift */; };
		937D16422BADF9FA00298D71 /* SceneDelegate.swift in Sources */ = {isa = PBXBuildFile; fileRef = 937D16412BADF9FA00298D71 /* SceneDelegate.swift */; };
		937D16472BADF9FA00298D71 /* Main.storyboard in Resources */ = {isa = PBXBuildFile; fileRef = 937D16452BADF9FA00298D71 /* Main.storyboard */; };
		937D16492BADF9FD00298D71 /* Assets.xcassets in Resources */ = {isa = PBXBuildFile; fileRef = 937D16482BADF9FD00298D71 /* Assets.xcassets */; };
		937D164C2BADF9FD00298D71 /* LaunchScreen.storyboard in Resources */ = {isa = PBXBuildFile; fileRef = 937D164A2BADF9FD00298D71 /* LaunchScreen.storyboard */; };
		937D165E2BADFBE100298D71 /* RMOperationViewController.swift in Sources */ = {isa = PBXBuildFile; fileRef = 937D16532BADFBE000298D71 /* RMOperationViewController.swift */; };
		937D165F2BADFBE100298D71 /* RecipeViewController.swift in Sources */ = {isa = PBXBuildFile; fileRef = 937D16542BADFBE000298D71 /* RecipeViewController.swift */; };
		937D16602BADFBE100298D71 /* PostViewController.swift in Sources */ = {isa = PBXBuildFile; fileRef = 937D16552BADFBE000298D71 /* PostViewController.swift */; };
		937D16612BADFBE100298D71 /* ProblemTwoViewController.swift in Sources */ = {isa = PBXBuildFile; fileRef = 937D16562BADFBE000298D71 /* ProblemTwoViewController.swift */; };
		937D16622BADFBE100298D71 /* WritePhraseViewController.swift in Sources */ = {isa = PBXBuildFile; fileRef = 937D16572BADFBE000298D71 /* WritePhraseViewController.swift */; };
		937D16632BADFBE100298D71 /* OwnOperationQueueViewController.swift in Sources */ = {isa = PBXBuildFile; fileRef = 937D16582BADFBE000298D71 /* OwnOperationQueueViewController.swift */; };
		937D16642BADFBE100298D71 /* FivePostsViewController.swift in Sources */ = {isa = PBXBuildFile; fileRef = 937D16592BADFBE000298D71 /* FivePostsViewController.swift */; };
		937D16652BADFBE100298D71 /* CorrectingMistakesViewController.swift in Sources */ = {isa = PBXBuildFile; fileRef = 937D165A2BADFBE000298D71 /* CorrectingMistakesViewController.swift */; };
		937D16662BADFBE100298D71 /* ProblemOneViewController.swift in Sources */ = {isa = PBXBuildFile; fileRef = 937D165B2BADFBE000298D71 /* ProblemOneViewController.swift */; };
		937D16672BADFBE100298D71 /* ProblemThreeViewController.swift in Sources */ = {isa = PBXBuildFile; fileRef = 937D165C2BADFBE000298D71 /* ProblemThreeViewController.swift */; };
		937D16682BADFBE100298D71 /* TenArrayElementsViewController.swift in Sources */ = {isa = PBXBuildFile; fileRef = 937D165D2BADFBE100298D71 /* TenArrayElementsViewController.swift */; };
		93D433872BB00B5E008B5F88 /* FetchTaskViewController.swift in Sources */ = {isa = PBXBuildFile; fileRef = 93D433862BB00B5E008B5F88 /* FetchTaskViewController.swift */; };
		93D433892BB01974008B5F88 /* TaskGroupViewController.swift in Sources */ = {isa = PBXBuildFile; fileRef = 93D433882BB01974008B5F88 /* TaskGroupViewController.swift */; };
		93F4CE732BAEDD4A00FB72E0 /* ReplaceWithTaskViewController.swift in Sources */ = {isa = PBXBuildFile; fileRef = 93F4CE722BAEDD4A00FB72E0 /* ReplaceWithTaskViewController.swift */; };
		93F4CE752BAEE11A00FB72E0 /* MainActorViewController.swift in Sources */ = {isa = PBXBuildFile; fileRef = 93F4CE742BAEE11A00FB72E0 /* MainActorViewController.swift */; };
		93F4CE772BAEE86D00FB72E0 /* TaskDetachedViewController.swift in Sources */ = {isa = PBXBuildFile; fileRef = 93F4CE762BAEE86D00FB72E0 /* TaskDetachedViewController.swift */; };
		93F4CE792BAF031300FB72E0 /* TransferDataAsyncAwaitViewController.swift in Sources */ = {isa = PBXBuildFile; fileRef = 93F4CE782BAF031300FB72E0 /* TransferDataAsyncAwaitViewController.swift */; };
		93F4CE7B2BAF1CFC00FB72E0 /* СombatMissionViewController.swift in Sources */ = {isa = PBXBuildFile; fileRef = 93F4CE7A2BAF1CFC00FB72E0 /* СombatMissionViewController.swift */; };
		93F4CE692BAED66D00FB72E0 /* RightPrioritiesViewController.swift in Sources */ = {isa = PBXBuildFile; fileRef = 93F4CE622BAED66D00FB72E0 /* RightPrioritiesViewController.swift */; };
		93F4CE6A2BAED66D00FB72E0 /* CancelTaskFlag.swift in Sources */ = {isa = PBXBuildFile; fileRef = 93F4CE632BAED66D00FB72E0 /* CancelTaskFlag.swift */; };
		93F4CE6B2BAED66D00FB72E0 /* RelieveMainFlowViewController.swift in Sources */ = {isa = PBXBuildFile; fileRef = 93F4CE642BAED66D00FB72E0 /* RelieveMainFlowViewController.swift */; };
		93F4CE6C2BAED66D00FB72E0 /* PrintLettersViewController.swift in Sources */ = {isa = PBXBuildFile; fileRef = 93F4CE652BAED66D00FB72E0 /* PrintLettersViewController.swift */; };
		93F4CE6D2BAED66D00FB72E0 /* ConsoleOrderViewController.swift in Sources */ = {isa = PBXBuildFile; fileRef = 93F4CE662BAED66D00FB72E0 /* ConsoleOrderViewController.swift */; };
		93F4CE6E2BAED66D00FB72E0 /* TimerViewController.swift in Sources */ = {isa = PBXBuildFile; fileRef = 93F4CE672BAED66D00FB72E0 /* TimerViewController.swift */; };
		93F4CE6F2BAED66D00FB72E0 /* ThreadSanitizerViewController.swift in Sources */ = {isa = PBXBuildFile; fileRef = 93F4CE682BAED66D00FB72E0 /* ThreadSanitizerViewController.swift */; };
/* End PBXBuildFile section */

/* Begin PBXFileReference section */
		937D163C2BADF9FA00298D71 /* Multithreadings.app */ = {isa = PBXFileReference; explicitFileType = wrapper.application; includeInIndex = 0; path = Multithreadings.app; sourceTree = BUILT_PRODUCTS_DIR; };
		937D163F2BADF9FA00298D71 /* AppDelegate.swift */ = {isa = PBXFileReference; lastKnownFileType = sourcecode.swift; path = AppDelegate.swift; sourceTree = "<group>"; };
		937D16412BADF9FA00298D71 /* SceneDelegate.swift */ = {isa = PBXFileReference; lastKnownFileType = sourcecode.swift; path = SceneDelegate.swift; sourceTree = "<group>"; };
		937D16462BADF9FA00298D71 /* Base */ = {isa = PBXFileReference; lastKnownFileType = file.storyboard; name = Base; path = Base.lproj/Main.storyboard; sourceTree = "<group>"; };
		937D16482BADF9FD00298D71 /* Assets.xcassets */ = {isa = PBXFileReference; lastKnownFileType = folder.assetcatalog; path = Assets.xcassets; sourceTree = "<group>"; };
		937D164B2BADF9FD00298D71 /* Base */ = {isa = PBXFileReference; lastKnownFileType = file.storyboard; name = Base; path = Base.lproj/LaunchScreen.storyboard; sourceTree = "<group>"; };
		937D164D2BADF9FD00298D71 /* Info.plist */ = {isa = PBXFileReference; lastKnownFileType = text.plist.xml; path = Info.plist; sourceTree = "<group>"; };
		937D16532BADFBE000298D71 /* RMOperationViewController.swift */ = {isa = PBXFileReference; fileEncoding = 4; lastKnownFileType = sourcecode.swift; path = RMOperationViewController.swift; sourceTree = "<group>"; };
		937D16542BADFBE000298D71 /* RecipeViewController.swift */ = {isa = PBXFileReference; fileEncoding = 4; lastKnownFileType = sourcecode.swift; path = RecipeViewController.swift; sourceTree = "<group>"; };
		937D16552BADFBE000298D71 /* PostViewController.swift */ = {isa = PBXFileReference; fileEncoding = 4; lastKnownFileType = sourcecode.swift; path = PostViewController.swift; sourceTree = "<group>"; };
		937D16562BADFBE000298D71 /* ProblemTwoViewController.swift */ = {isa = PBXFileReference; fileEncoding = 4; lastKnownFileType = sourcecode.swift; path = ProblemTwoViewController.swift; sourceTree = "<group>"; };
		937D16572BADFBE000298D71 /* WritePhraseViewController.swift */ = {isa = PBXFileReference; fileEncoding = 4; lastKnownFileType = sourcecode.swift; path = WritePhraseViewController.swift; sourceTree = "<group>"; };
		937D16582BADFBE000298D71 /* OwnOperationQueueViewController.swift */ = {isa = PBXFileReference; fileEncoding = 4; lastKnownFileType = sourcecode.swift; path = OwnOperationQueueViewController.swift; sourceTree = "<group>"; };
		937D16592BADFBE000298D71 /* FivePostsViewController.swift */ = {isa = PBXFileReference; fileEncoding = 4; lastKnownFileType = sourcecode.swift; path = FivePostsViewController.swift; sourceTree = "<group>"; };
		937D165A2BADFBE000298D71 /* CorrectingMistakesViewController.swift */ = {isa = PBXFileReference; fileEncoding = 4; lastKnownFileType = sourcecode.swift; path = CorrectingMistakesViewController.swift; sourceTree = "<group>"; };
		937D165B2BADFBE000298D71 /* ProblemOneViewController.swift */ = {isa = PBXFileReference; fileEncoding = 4; lastKnownFileType = sourcecode.swift; path = ProblemOneViewController.swift; sourceTree = "<group>"; };
		937D165C2BADFBE000298D71 /* ProblemThreeViewController.swift */ = {isa = PBXFileReference; fileEncoding = 4; lastKnownFileType = sourcecode.swift; path = ProblemThreeViewController.swift; sourceTree = "<group>"; };
		937D165D2BADFBE100298D71 /* TenArrayElementsViewController.swift */ = {isa = PBXFileReference; fileEncoding = 4; lastKnownFileType = sourcecode.swift; path = TenArrayElementsViewController.swift; sourceTree = "<group>"; };
		93D433862BB00B5E008B5F88 /* FetchTaskViewController.swift */ = {isa = PBXFileReference; lastKnownFileType = sourcecode.swift; path = FetchTaskViewController.swift; sourceTree = "<group>"; };
		93D433882BB01974008B5F88 /* TaskGroupViewController.swift */ = {isa = PBXFileReference; lastKnownFileType = sourcecode.swift; path = TaskGroupViewController.swift; sourceTree = "<group>"; };
		93F4CE722BAEDD4A00FB72E0 /* ReplaceWithTaskViewController.swift */ = {isa = PBXFileReference; lastKnownFileType = sourcecode.swift; path = ReplaceWithTaskViewController.swift; sourceTree = "<group>"; };
		93F4CE742BAEE11A00FB72E0 /* MainActorViewController.swift */ = {isa = PBXFileReference; lastKnownFileType = sourcecode.swift; path = MainActorViewController.swift; sourceTree = "<group>"; };
		93F4CE762BAEE86D00FB72E0 /* TaskDetachedViewController.swift */ = {isa = PBXFileReference; lastKnownFileType = sourcecode.swift; path = TaskDetachedViewController.swift; sourceTree = "<group>"; };
		93F4CE782BAF031300FB72E0 /* TransferDataAsyncAwaitViewController.swift */ = {isa = PBXFileReference; lastKnownFileType = sourcecode.swift; path = TransferDataAsyncAwaitViewController.swift; sourceTree = "<group>"; };
		93F4CE7A2BAF1CFC00FB72E0 /* СombatMissionViewController.swift */ = {isa = PBXFileReference; lastKnownFileType = sourcecode.swift; path = "СombatMissionViewController.swift"; sourceTree = "<group>"; };
		93F4CE622BAED66D00FB72E0 /* RightPrioritiesViewController.swift */ = {isa = PBXFileReference; fileEncoding = 4; lastKnownFileType = sourcecode.swift; path = RightPrioritiesViewController.swift; sourceTree = "<group>"; };
		93F4CE632BAED66D00FB72E0 /* CancelTaskFlag.swift */ = {isa = PBXFileReference; fileEncoding = 4; lastKnownFileType = sourcecode.swift; path = CancelTaskFlag.swift; sourceTree = "<group>"; };
		93F4CE642BAED66D00FB72E0 /* RelieveMainFlowViewController.swift */ = {isa = PBXFileReference; fileEncoding = 4; lastKnownFileType = sourcecode.swift; path = RelieveMainFlowViewController.swift; sourceTree = "<group>"; };
		93F4CE652BAED66D00FB72E0 /* PrintLettersViewController.swift */ = {isa = PBXFileReference; fileEncoding = 4; lastKnownFileType = sourcecode.swift; path = PrintLettersViewController.swift; sourceTree = "<group>"; };
		93F4CE662BAED66D00FB72E0 /* ConsoleOrderViewController.swift */ = {isa = PBXFileReference; fileEncoding = 4; lastKnownFileType = sourcecode.swift; path = ConsoleOrderViewController.swift; sourceTree = "<group>"; };
		93F4CE672BAED66D00FB72E0 /* TimerViewController.swift */ = {isa = PBXFileReference; fileEncoding = 4; lastKnownFileType = sourcecode.swift; path = TimerViewController.swift; sourceTree = "<group>"; };
		93F4CE682BAED66D00FB72E0 /* ThreadSanitizerViewController.swift */ = {isa = PBXFileReference; fileEncoding = 4; lastKnownFileType = sourcecode.swift; path = ThreadSanitizerViewController.swift; sourceTree = "<group>"; };
/* End PBXFileReference section */

/* Begin PBXFrameworksBuildPhase section */
		937D16392BADF9FA00298D71 /* Frameworks */ = {
			isa = PBXFrameworksBuildPhase;
			buildActionMask = 2147483647;
			files = (
			);
			runOnlyForDeploymentPostprocessing = 0;
		};
/* End PBXFrameworksBuildPhase section */

/* Begin PBXGroup section */
		937D16332BADF9FA00298D71 = {
			isa = PBXGroup;
			children = (
				937D163E2BADF9FA00298D71 /* Multithreadings */,
				937D163D2BADF9FA00298D71 /* Products */,
			);
			sourceTree = "<group>";
		};
		937D163D2BADF9FA00298D71 /* Products */ = {
			isa = PBXGroup;
			children = (
				937D163C2BADF9FA00298D71 /* Multithreadings.app */,
			);
			name = Products;
			sourceTree = "<group>";
		};
		937D163E2BADF9FA00298D71 /* Multithreadings */ = {
			isa = PBXGroup;
			children = (
				93F4CE702BAEDCBE00FB72E0 /* task2 */,
				93F4CE712BAEDCD300FB72E0 /* task3 */,
				93F4CE612BAED64900FB72E0 /* task1 */,
				937D163F2BADF9FA00298D71 /* AppDelegate.swift */,
				937D16412BADF9FA00298D71 /* SceneDelegate.swift */,
				937D16452BADF9FA00298D71 /* Main.storyboard */,
				937D16482BADF9FD00298D71 /* Assets.xcassets */,
				937D164A2BADF9FD00298D71 /* LaunchScreen.storyboard */,
				937D164D2BADF9FD00298D71 /* Info.plist */,
			);
			path = Multithreadings;
			sourceTree = "<group>";
		};
		93F4CE702BAEDCBE00FB72E0 /* task2 */ = {
			isa = PBXGroup;
			children = (
				937D165A2BADFBE000298D71 /* CorrectingMistakesViewController.swift */,
				937D16592BADFBE000298D71 /* FivePostsViewController.swift */,
				937D16582BADFBE000298D71 /* OwnOperationQueueViewController.swift */,
				937D16552BADFBE000298D71 /* PostViewController.swift */,
				937D165B2BADFBE000298D71 /* ProblemOneViewController.swift */,
				937D165C2BADFBE000298D71 /* ProblemThreeViewController.swift */,
				937D16562BADFBE000298D71 /* ProblemTwoViewController.swift */,
				937D16542BADFBE000298D71 /* RecipeViewController.swift */,
				937D16532BADFBE000298D71 /* RMOperationViewController.swift */,
				937D165D2BADFBE100298D71 /* TenArrayElementsViewController.swift */,
				937D16572BADFBE000298D71 /* WritePhraseViewController.swift */,
			);
			path = task2;
			sourceTree = "<group>";
		};
		93F4CE712BAEDCD300FB72E0 /* task3 */ = {
			isa = PBXGroup;
			children = (
				93F4CE722BAEDD4A00FB72E0 /* ReplaceWithTaskViewController.swift */,
				93F4CE742BAEE11A00FB72E0 /* MainActorViewController.swift */,
				93F4CE762BAEE86D00FB72E0 /* TaskDetachedViewController.swift */,
				93F4CE782BAF031300FB72E0 /* TransferDataAsyncAwaitViewController.swift */,
				93F4CE7A2BAF1CFC00FB72E0 /* СombatMissionViewController.swift */,
				93D433862BB00B5E008B5F88 /* FetchTaskViewController.swift */,
				93D433882BB01974008B5F88 /* TaskGroupViewController.swift */,
			);
			path = task3;
			sourceTree = "<group>";
		};
		93F4CE612BAED64900FB72E0 /* task1 */ = {
			isa = PBXGroup;
			children = (
				93F4CE632BAED66D00FB72E0 /* CancelTaskFlag.swift */,
				93F4CE662BAED66D00FB72E0 /* ConsoleOrderViewController.swift */,
				93F4CE652BAED66D00FB72E0 /* PrintLettersViewController.swift */,
				93F4CE642BAED66D00FB72E0 /* RelieveMainFlowViewController.swift */,
				93F4CE622BAED66D00FB72E0 /* RightPrioritiesViewController.swift */,
				93F4CE682BAED66D00FB72E0 /* ThreadSanitizerViewController.swift */,
				93F4CE672BAED66D00FB72E0 /* TimerViewController.swift */,
			);
			path = task1;
			sourceTree = "<group>";
		};
/* End PBXGroup section */

/* Begin PBXNativeTarget section */
		937D163B2BADF9FA00298D71 /* Multithreadings */ = {
			isa = PBXNativeTarget;
			buildConfigurationList = 937D16502BADF9FD00298D71 /* Build configuration list for PBXNativeTarget "Multithreadings" */;
			buildPhases = (
				937D16382BADF9FA00298D71 /* Sources */,
				937D16392BADF9FA00298D71 /* Frameworks */,
				937D163A2BADF9FA00298D71 /* Resources */,
			);
			buildRules = (
			);
			dependencies = (
			);
			name = Multithreadings;
			productName = Multithreadings;
			productReference = 937D163C2BADF9FA00298D71 /* Multithreadings.app */;
			productType = "com.apple.product-type.application";
		};
/* End PBXNativeTarget section */

/* Begin PBXProject section */
		937D16342BADF9FA00298D71 /* Project object */ = {
			isa = PBXProject;
			attributes = {
				BuildIndependentTargetsInParallel = 1;
				LastSwiftUpdateCheck = 1520;
				LastUpgradeCheck = 1520;
				TargetAttributes = {
					937D163B2BADF9FA00298D71 = {
						CreatedOnToolsVersion = 15.2;
					};
				};
			};
			buildConfigurationList = 937D16372BADF9FA00298D71 /* Build configuration list for PBXProject "Multithreadings" */;
			compatibilityVersion = "Xcode 14.0";
			developmentRegion = en;
			hasScannedForEncodings = 0;
			knownRegions = (
				en,
				Base,
			);
			mainGroup = 937D16332BADF9FA00298D71;
			productRefGroup = 937D163D2BADF9FA00298D71 /* Products */;
			projectDirPath = "";
			projectRoot = "";
			targets = (
				937D163B2BADF9FA00298D71 /* Multithreadings */,
			);
		};
/* End PBXProject section */

/* Begin PBXResourcesBuildPhase section */
		937D163A2BADF9FA00298D71 /* Resources */ = {
			isa = PBXResourcesBuildPhase;
			buildActionMask = 2147483647;
			files = (
				937D164C2BADF9FD00298D71 /* LaunchScreen.storyboard in Resources */,
				937D16492BADF9FD00298D71 /* Assets.xcassets in Resources */,
				937D16472BADF9FA00298D71 /* Main.storyboard in Resources */,
			);
			runOnlyForDeploymentPostprocessing = 0;
		};
/* End PBXResourcesBuildPhase section */

/* Begin PBXSourcesBuildPhase section */
		937D16382BADF9FA00298D71 /* Sources */ = {
			isa = PBXSourcesBuildPhase;
			buildActionMask = 2147483647;
			files = (
				937D16602BADFBE100298D71 /* PostViewController.swift in Sources */,
				93F4CE692BAED66D00FB72E0 /* RightPrioritiesViewController.swift in Sources */,
				93F4CE6F2BAED66D00FB72E0 /* ThreadSanitizerViewController.swift in Sources */,
				937D16672BADFBE100298D71 /* ProblemThreeViewController.swift in Sources */,
				93F4CE6A2BAED66D00FB72E0 /* CancelTaskFlag.swift in Sources */,
				937D16682BADFBE100298D71 /* TenArrayElementsViewController.swift in Sources */,
				937D165E2BADFBE100298D71 /* RMOperationViewController.swift in Sources */,
				93F4CE732BAEDD4A00FB72E0 /* ReplaceWithTaskViewController.swift in Sources */,
				93F4CE6B2BAED66D00FB72E0 /* RelieveMainFlowViewController.swift in Sources */,
				93F4CE6E2BAED66D00FB72E0 /* TimerViewController.swift in Sources */,
				93F4CE6C2BAED66D00FB72E0 /* PrintLettersViewController.swift in Sources */,
				937D16662BADFBE100298D71 /* ProblemOneViewController.swift in Sources */,
				93F4CE752BAEE11A00FB72E0 /* MainActorViewController.swift in Sources */,
				937D16402BADF9FA00298D71 /* AppDelegate.swift in Sources */,
				93F4CE6D2BAED66D00FB72E0 /* ConsoleOrderViewController.swift in Sources */,
				937D16642BADFBE100298D71 /* FivePostsViewController.swift in Sources */,
				937D16652BADFBE100298D71 /* CorrectingMistakesViewController.swift in Sources */,
				937D16632BADFBE100298D71 /* OwnOperationQueueViewController.swift in Sources */,
				93D433872BB00B5E008B5F88 /* FetchTaskViewController.swift in Sources */,
				93F4CE7B2BAF1CFC00FB72E0 /* СombatMissionViewController.swift in Sources */,
				937D16422BADF9FA00298D71 /* SceneDelegate.swift in Sources */,
				937D16612BADFBE100298D71 /* ProblemTwoViewController.swift in Sources */,
				93D433892BB01974008B5F88 /* TaskGroupViewController.swift in Sources */,
				937D165F2BADFBE100298D71 /* RecipeViewController.swift in Sources */,
				93F4CE772BAEE86D00FB72E0 /* TaskDetachedViewController.swift in Sources */,
				93F4CE792BAF031300FB72E0 /* TransferDataAsyncAwaitViewController.swift in Sources */,
				937D16622BADFBE100298D71 /* WritePhraseViewController.swift in Sources */,
			);
			runOnlyForDeploymentPostprocessing = 0;
		};
/* End PBXSourcesBuildPhase section */

/* Begin PBXVariantGroup section */
		937D16452BADF9FA00298D71 /* Main.storyboard */ = {
			isa = PBXVariantGroup;
			children = (
				937D16462BADF9FA00298D71 /* Base */,
			);
			name = Main.storyboard;
			sourceTree = "<group>";
		};
		937D164A2BADF9FD00298D71 /* LaunchScreen.storyboard */ = {
			isa = PBXVariantGroup;
			children = (
				937D164B2BADF9FD00298D71 /* Base */,
			);
			name = LaunchScreen.storyboard;
			sourceTree = "<group>";
		};
/* End PBXVariantGroup section */

/* Begin XCBuildConfiguration section */
		937D164E2BADF9FD00298D71 /* Debug */ = {
			isa = XCBuildConfiguration;
			buildSettings = {
				ALWAYS_SEARCH_USER_PATHS = NO;
				ASSETCATALOG_COMPILER_GENERATE_SWIFT_ASSET_SYMBOL_EXTENSIONS = YES;
				CLANG_ANALYZER_NONNULL = YES;
				CLANG_ANALYZER_NUMBER_OBJECT_CONVERSION = YES_AGGRESSIVE;
				CLANG_CXX_LANGUAGE_STANDARD = "gnu++20";
				CLANG_ENABLE_MODULES = YES;
				CLANG_ENABLE_OBJC_ARC = YES;
				CLANG_ENABLE_OBJC_WEAK = YES;
				CLANG_WARN_BLOCK_CAPTURE_AUTORELEASING = YES;
				CLANG_WARN_BOOL_CONVERSION = YES;
				CLANG_WARN_COMMA = YES;
				CLANG_WARN_CONSTANT_CONVERSION = YES;
				CLANG_WARN_DEPRECATED_OBJC_IMPLEMENTATIONS = YES;
				CLANG_WARN_DIRECT_OBJC_ISA_USAGE = YES_ERROR;
				CLANG_WARN_DOCUMENTATION_COMMENTS = YES;
				CLANG_WARN_EMPTY_BODY = YES;
				CLANG_WARN_ENUM_CONVERSION = YES;
				CLANG_WARN_INFINITE_RECURSION = YES;
				CLANG_WARN_INT_CONVERSION = YES;
				CLANG_WARN_NON_LITERAL_NULL_CONVERSION = YES;
				CLANG_WARN_OBJC_IMPLICIT_RETAIN_SELF = YES;
				CLANG_WARN_OBJC_LITERAL_CONVERSION = YES;
				CLANG_WARN_OBJC_ROOT_CLASS = YES_ERROR;
				CLANG_WARN_QUOTED_INCLUDE_IN_FRAMEWORK_HEADER = YES;
				CLANG_WARN_RANGE_LOOP_ANALYSIS = YES;
				CLANG_WARN_STRICT_PROTOTYPES = YES;
				CLANG_WARN_SUSPICIOUS_MOVE = YES;
				CLANG_WARN_UNGUARDED_AVAILABILITY = YES_AGGRESSIVE;
				CLANG_WARN_UNREACHABLE_CODE = YES;
				CLANG_WARN__DUPLICATE_METHOD_MATCH = YES;
				COPY_PHASE_STRIP = NO;
				DEBUG_INFORMATION_FORMAT = dwarf;
				ENABLE_STRICT_OBJC_MSGSEND = YES;
				ENABLE_TESTABILITY = YES;
				ENABLE_USER_SCRIPT_SANDBOXING = YES;
				GCC_C_LANGUAGE_STANDARD = gnu17;
				GCC_DYNAMIC_NO_PIC = NO;
				GCC_NO_COMMON_BLOCKS = YES;
				GCC_OPTIMIZATION_LEVEL = 0;
				GCC_PREPROCESSOR_DEFINITIONS = (
					"DEBUG=1",
					"$(inherited)",
				);
				GCC_WARN_64_TO_32_BIT_CONVERSION = YES;
				GCC_WARN_ABOUT_RETURN_TYPE = YES_ERROR;
				GCC_WARN_UNDECLARED_SELECTOR = YES;
				GCC_WARN_UNINITIALIZED_AUTOS = YES_AGGRESSIVE;
				GCC_WARN_UNUSED_FUNCTION = YES;
				GCC_WARN_UNUSED_VARIABLE = YES;
				IPHONEOS_DEPLOYMENT_TARGET = 17.2;
				LOCALIZATION_PREFERS_STRING_CATALOGS = YES;
				MTL_ENABLE_DEBUG_INFO = INCLUDE_SOURCE;
				MTL_FAST_MATH = YES;
				ONLY_ACTIVE_ARCH = YES;
				SDKROOT = iphoneos;
				SWIFT_ACTIVE_COMPILATION_CONDITIONS = "DEBUG $(inherited)";
				SWIFT_OPTIMIZATION_LEVEL = "-Onone";
			};
			name = Debug;
		};
		937D164F2BADF9FD00298D71 /* Release */ = {
			isa = XCBuildConfiguration;
			buildSettings = {
				ALWAYS_SEARCH_USER_PATHS = NO;
				ASSETCATALOG_COMPILER_GENERATE_SWIFT_ASSET_SYMBOL_EXTENSIONS = YES;
				CLANG_ANALYZER_NONNULL = YES;
				CLANG_ANALYZER_NUMBER_OBJECT_CONVERSION = YES_AGGRESSIVE;
				CLANG_CXX_LANGUAGE_STANDARD = "gnu++20";
				CLANG_ENABLE_MODULES = YES;
				CLANG_ENABLE_OBJC_ARC = YES;
				CLANG_ENABLE_OBJC_WEAK = YES;
				CLANG_WARN_BLOCK_CAPTURE_AUTORELEASING = YES;
				CLANG_WARN_BOOL_CONVERSION = YES;
				CLANG_WARN_COMMA = YES;
				CLANG_WARN_CONSTANT_CONVERSION = YES;
				CLANG_WARN_DEPRECATED_OBJC_IMPLEMENTATIONS = YES;
				CLANG_WARN_DIRECT_OBJC_ISA_USAGE = YES_ERROR;
				CLANG_WARN_DOCUMENTATION_COMMENTS = YES;
				CLANG_WARN_EMPTY_BODY = YES;
				CLANG_WARN_ENUM_CONVERSION = YES;
				CLANG_WARN_INFINITE_RECURSION = YES;
				CLANG_WARN_INT_CONVERSION = YES;
				CLANG_WARN_NON_LITERAL_NULL_CONVERSION = YES;
				CLANG_WARN_OBJC_IMPLICIT_RETAIN_SELF = YES;
				CLANG_WARN_OBJC_LITERAL_CONVERSION = YES;
				CLANG_WARN_OBJC_ROOT_CLASS = YES_ERROR;
				CLANG_WARN_QUOTED_INCLUDE_IN_FRAMEWORK_HEADER = YES;
				CLANG_WARN_RANGE_LOOP_ANALYSIS = YES;
				CLANG_WARN_STRICT_PROTOTYPES = YES;
				CLANG_WARN_SUSPICIOUS_MOVE = YES;
				CLANG_WARN_UNGUARDED_AVAILABILITY = YES_AGGRESSIVE;
				CLANG_WARN_UNREACHABLE_CODE = YES;
				CLANG_WARN__DUPLICATE_METHOD_MATCH = YES;
				COPY_PHASE_STRIP = NO;
				DEBUG_INFORMATION_FORMAT = "dwarf-with-dsym";
				ENABLE_NS_ASSERTIONS = NO;
				ENABLE_STRICT_OBJC_MSGSEND = YES;
				ENABLE_USER_SCRIPT_SANDBOXING = YES;
				GCC_C_LANGUAGE_STANDARD = gnu17;
				GCC_NO_COMMON_BLOCKS = YES;
				GCC_WARN_64_TO_32_BIT_CONVERSION = YES;
				GCC_WARN_ABOUT_RETURN_TYPE = YES_ERROR;
				GCC_WARN_UNDECLARED_SELECTOR = YES;
				GCC_WARN_UNINITIALIZED_AUTOS = YES_AGGRESSIVE;
				GCC_WARN_UNUSED_FUNCTION = YES;
				GCC_WARN_UNUSED_VARIABLE = YES;
				IPHONEOS_DEPLOYMENT_TARGET = 17.2;
				LOCALIZATION_PREFERS_STRING_CATALOGS = YES;
				MTL_ENABLE_DEBUG_INFO = NO;
				MTL_FAST_MATH = YES;
				SDKROOT = iphoneos;
				SWIFT_COMPILATION_MODE = wholemodule;
				VALIDATE_PRODUCT = YES;
			};
			name = Release;
		};
		937D16512BADF9FD00298D71 /* Debug */ = {
			isa = XCBuildConfiguration;
			buildSettings = {
				ASSETCATALOG_COMPILER_APPICON_NAME = AppIcon;
				ASSETCATALOG_COMPILER_GLOBAL_ACCENT_COLOR_NAME = AccentColor;
				CODE_SIGN_STYLE = Automatic;
				CURRENT_PROJECT_VERSION = 1;
				GENERATE_INFOPLIST_FILE = YES;
				INFOPLIST_FILE = Multithreadings/Info.plist;
				INFOPLIST_KEY_UIApplicationSupportsIndirectInputEvents = YES;
				INFOPLIST_KEY_UILaunchStoryboardName = LaunchScreen;
				INFOPLIST_KEY_UIMainStoryboardFile = Main;
				INFOPLIST_KEY_UISupportedInterfaceOrientations_iPad = "UIInterfaceOrientationPortrait UIInterfaceOrientationPortraitUpsideDown UIInterfaceOrientationLandscapeLeft UIInterfaceOrientationLandscapeRight";
				INFOPLIST_KEY_UISupportedInterfaceOrientations_iPhone = "UIInterfaceOrientationPortrait UIInterfaceOrientationLandscapeLeft UIInterfaceOrientationLandscapeRight";
				LD_RUNPATH_SEARCH_PATHS = (
					"$(inherited)",
					"@executable_path/Frameworks",
				);
				MARKETING_VERSION = 1.0;
				PRODUCT_BUNDLE_IDENTIFIER = Yevgen.Multithreadings;
				PRODUCT_NAME = "$(TARGET_NAME)";
				SWIFT_EMIT_LOC_STRINGS = YES;
				SWIFT_VERSION = 5.0;
				TARGETED_DEVICE_FAMILY = "1,2";
			};
			name = Debug;
		};
		937D16522BADF9FD00298D71 /* Release */ = {
			isa = XCBuildConfiguration;
			buildSettings = {
				ASSETCATALOG_COMPILER_APPICON_NAME = AppIcon;
				ASSETCATALOG_COMPILER_GLOBAL_ACCENT_COLOR_NAME = AccentColor;
				CODE_SIGN_STYLE = Automatic;
				CURRENT_PROJECT_VERSION = 1;
				GENERATE_INFOPLIST_FILE = YES;
				INFOPLIST_FILE = Multithreadings/Info.plist;
				INFOPLIST_KEY_UIApplicationSupportsIndirectInputEvents = YES;
				INFOPLIST_KEY_UILaunchStoryboardName = LaunchScreen;
				INFOPLIST_KEY_UIMainStoryboardFile = Main;
				INFOPLIST_KEY_UISupportedInterfaceOrientations_iPad = "UIInterfaceOrientationPortrait UIInterfaceOrientationPortraitUpsideDown UIInterfaceOrientationLandscapeLeft UIInterfaceOrientationLandscapeRight";
				INFOPLIST_KEY_UISupportedInterfaceOrientations_iPhone = "UIInterfaceOrientationPortrait UIInterfaceOrientationLandscapeLeft UIInterfaceOrientationLandscapeRight";
				LD_RUNPATH_SEARCH_PATHS = (
					"$(inherited)",
					"@executable_path/Frameworks",
				);
				MARKETING_VERSION = 1.0;
				PRODUCT_BUNDLE_IDENTIFIER = Yevgen.Multithreadings;
				PRODUCT_NAME = "$(TARGET_NAME)";
				SWIFT_EMIT_LOC_STRINGS = YES;
				SWIFT_VERSION = 5.0;
				TARGETED_DEVICE_FAMILY = "1,2";
			};
			name = Release;
		};
/* End XCBuildConfiguration section */

/* Begin XCConfigurationList section */
		937D16372BADF9FA00298D71 /* Build configuration list for PBXProject "Multithreadings" */ = {
			isa = XCConfigurationList;
			buildConfigurations = (
				937D164E2BADF9FD00298D71 /* Debug */,
				937D164F2BADF9FD00298D71 /* Release */,
			);
			defaultConfigurationIsVisible = 0;
			defaultConfigurationName = Release;
		};
		937D16502BADF9FD00298D71 /* Build configuration list for PBXNativeTarget "Multithreadings" */ = {
			isa = XCConfigurationList;
			buildConfigurations = (
				937D16512BADF9FD00298D71 /* Debug */,
				937D16522BADF9FD00298D71 /* Release */,
			);
			defaultConfigurationIsVisible = 0;
			defaultConfigurationName = Release;
		};
/* End XCConfigurationList section */
	};
	rootObject = 937D16342BADF9FA00298D71 /* Project object */;
}
